
Microsoft Visual Studio Solution File, Format Version 12.00
# Visual Studio 2017
Project("{FAE04EC0-301F-11D3-BF4B-00C04F79EFBC}") = "Double-Dimension", "Double-Dimension.csproj", "{BDEFE1DE-16B4-764B-2CA9-D0946A94F294}"
EndProject
Project("{FAE04EC0-301F-11D3-BF4B-00C04F79EFBC}") = "Double-Dimension.Editor", "Double-Dimension.Editor.csproj", "{19E36064-86B1-F113-5597-3C5156B0A38E}"
EndProject
Global
	GlobalSection(SolutionConfigurationPlatforms) = preSolution
		Debug|Any CPU = Debug|Any CPU
		Release|Any CPU = Release|Any CPU
	EndGlobalSection
	GlobalSection(ProjectConfigurationPlatforms) = postSolution
		{BDEFE1DE-16B4-764B-2CA9-D0946A94F294}.Debug|Any CPU.ActiveCfg = Debug|Any CPU
		{BDEFE1DE-16B4-764B-2CA9-D0946A94F294}.Debug|Any CPU.Build.0 = Debug|Any CPU
		{BDEFE1DE-16B4-764B-2CA9-D0946A94F294}.Release|Any CPU.ActiveCfg = Release|Any CPU
		{BDEFE1DE-16B4-764B-2CA9-D0946A94F294}.Release|Any CPU.Build.0 = Release|Any CPU
		{19E36064-86B1-F113-5597-3C5156B0A38E}.Debug|Any CPU.ActiveCfg = Debug|Any CPU
		{19E36064-86B1-F113-5597-3C5156B0A38E}.Debug|Any CPU.Build.0 = Debug|Any CPU
		{19E36064-86B1-F113-5597-3C5156B0A38E}.Release|Any CPU.ActiveCfg = Release|Any CPU
		{19E36064-86B1-F113-5597-3C5156B0A38E}.Release|Any CPU.Build.0 = Release|Any CPU
	EndGlobalSection
	GlobalSection(SolutionProperties) = preSolution
		HideSolutionNode = FALSE
	EndGlobalSection
EndGlobal
